// !$*UTF8*$!
{
	archiveVersion = 1;
	classes = {
	};
	objectVersion = 46;
	objects = {

/* Begin PBXBuildFile section */
		E945B3591C7F9A6C001C872A /* SearchUserViewController.swift in Sources */ = {isa = PBXBuildFile; fileRef = E945B3581C7F9A6C001C872A /* SearchUserViewController.swift */; };
		E945B35E1C7F9E89001C872A /* UserSearchCollectionViewCell.swift in Sources */ = {isa = PBXBuildFile; fileRef = E945B35D1C7F9E89001C872A /* UserSearchCollectionViewCell.swift */; };
		E945B3601C7FA6DD001C872A /* GETSearchRequestUSER.swift in Sources */ = {isa = PBXBuildFile; fileRef = E945B35F1C7FA6DD001C872A /* GETSearchRequestUSER.swift */; };
		E961DAC31C7B705D007B3288 /* AppDelegate.swift in Sources */ = {isa = PBXBuildFile; fileRef = E961DAC21C7B705D007B3288 /* AppDelegate.swift */; };
		E961DAC51C7B705D007B3288 /* OAuthViewController.swift in Sources */ = {isa = PBXBuildFile; fileRef = E961DAC41C7B705D007B3288 /* OAuthViewController.swift */; };
		E961DAC81C7B705D007B3288 /* Main.storyboard in Resources */ = {isa = PBXBuildFile; fileRef = E961DAC61C7B705D007B3288 /* Main.storyboard */; };
		E961DACB1C7B705D007B3288 /* GithubClient.xcdatamodeld in Sources */ = {isa = PBXBuildFile; fileRef = E961DAC91C7B705D007B3288 /* GithubClient.xcdatamodeld */; };
		E961DACD1C7B705D007B3288 /* Assets.xcassets in Resources */ = {isa = PBXBuildFile; fileRef = E961DACC1C7B705D007B3288 /* Assets.xcassets */; };
		E961DAD01C7B705D007B3288 /* LaunchScreen.storyboard in Resources */ = {isa = PBXBuildFile; fileRef = E961DACE1C7B705D007B3288 /* LaunchScreen.storyboard */; };
		E961DADB1C7B705D007B3288 /* GithubClientTests.swift in Sources */ = {isa = PBXBuildFile; fileRef = E961DADA1C7B705D007B3288 /* GithubClientTests.swift */; };
		E961DAE91C7B823C007B3288 /* GithubOAuth.swift in Sources */ = {isa = PBXBuildFile; fileRef = E961DAE81C7B823C007B3288 /* GithubOAuth.swift */; };
		E9EA80ED1C7E44D2006D1F5A /* ReposTableViewCell.swift in Sources */ = {isa = PBXBuildFile; fileRef = E9EA80EC1C7E44D2006D1F5A /* ReposTableViewCell.swift */; };
		E9EA80EF1C7E510E006D1F5A /* SearchViewController.swift in Sources */ = {isa = PBXBuildFile; fileRef = E9EA80EE1C7E510E006D1F5A /* SearchViewController.swift */; };
		E9EA80F11C7E6252006D1F5A /* GETSearchRequest.swift in Sources */ = {isa = PBXBuildFile; fileRef = E9EA80F01C7E6252006D1F5A /* GETSearchRequest.swift */; };
		E9EA80F31C7E9491006D1F5A /* POSTRepoRequest.swift in Sources */ = {isa = PBXBuildFile; fileRef = E9EA80F21C7E9491006D1F5A /* POSTRepoRequest.swift */; };
		E9EA80F51C7E971D006D1F5A /* AddRepoViewController.swift in Sources */ = {isa = PBXBuildFile; fileRef = E9EA80F41C7E971D006D1F5A /* AddRepoViewController.swift */; };
		E9EA80F91C7EA2B3006D1F5A /* ProfileViewController.swift in Sources */ = {isa = PBXBuildFile; fileRef = E9EA80F81C7EA2B3006D1F5A /* ProfileViewController.swift */; };
		E9EBB41F1C7CC21E005CDA9F /* Identity.swift in Sources */ = {isa = PBXBuildFile; fileRef = E9EBB41E1C7CC21E005CDA9F /* Identity.swift */; };
		E9EBB4231C7CC2AF005CDA9F /* HomeViewController.swift in Sources */ = {isa = PBXBuildFile; fileRef = E9EBB4221C7CC2AF005CDA9F /* HomeViewController.swift */; };
		E9EBB4251C7CC6A8005CDA9F /* CustomButton.swift in Sources */ = {isa = PBXBuildFile; fileRef = E9EBB4241C7CC6A8005CDA9F /* CustomButton.swift */; };
		E9EBB4271C7CC743005CDA9F /* setup.swift in Sources */ = {isa = PBXBuildFile; fileRef = E9EBB4261C7CC743005CDA9F /* setup.swift */; };
		E9EBB4291C7CD280005CDA9F /* APIRequest.swift in Sources */ = {isa = PBXBuildFile; fileRef = E9EBB4281C7CD280005CDA9F /* APIRequest.swift */; };
		E9EBB42C1C7CD4BC005CDA9F /* GETRepoRequest.swift in Sources */ = {isa = PBXBuildFile; fileRef = E9EBB42B1C7CD4BC005CDA9F /* GETRepoRequest.swift */; };
		E9EBB42E1C7CD5FA005CDA9F /* Additions.swift in Sources */ = {isa = PBXBuildFile; fileRef = E9EBB42D1C7CD5FA005CDA9F /* Additions.swift */; };
		E9EBB4301C7CD8E1005CDA9F /* API.swift in Sources */ = {isa = PBXBuildFile; fileRef = E9EBB42F1C7CD8E1005CDA9F /* API.swift */; };
		E9EBB4321C7CDC6C005CDA9F /* Repositories.swift in Sources */ = {isa = PBXBuildFile; fileRef = E9EBB4311C7CDC6C005CDA9F /* Repositories.swift */; };
		E9EBB4351C7CDCD5005CDA9F /* ModelAdditions.swift in Sources */ = {isa = PBXBuildFile; fileRef = E9EBB4341C7CDCD5005CDA9F /* ModelAdditions.swift */; };
		E9EBB4391C7CED10005CDA9F /* Owner.swift in Sources */ = {isa = PBXBuildFile; fileRef = E9EBB4381C7CED10005CDA9F /* Owner.swift */; };
		E9EBB43B1C7D05A3005CDA9F /* CurrentUser.swift in Sources */ = {isa = PBXBuildFile; fileRef = E9EBB43A1C7D05A3005CDA9F /* CurrentUser.swift */; };
		E9EBB43D1C7D070A005CDA9F /* GETCurrentUserRequest.swift in Sources */ = {isa = PBXBuildFile; fileRef = E9EBB43C1C7D070A005CDA9F /* GETCurrentUserRequest.swift */; };
/* End PBXBuildFile section */

/* Begin PBXContainerItemProxy section */
		E961DAD71C7B705D007B3288 /* PBXContainerItemProxy */ = {
			isa = PBXContainerItemProxy;
			containerPortal = E961DAB71C7B705D007B3288 /* Project object */;
			proxyType = 1;
			remoteGlobalIDString = E961DABE1C7B705D007B3288;
			remoteInfo = GithubClient;
		};
/* End PBXContainerItemProxy section */

/* Begin PBXFileReference section */
		E945B3581C7F9A6C001C872A /* SearchUserViewController.swift */ = {isa = PBXFileReference; fileEncoding = 4; lastKnownFileType = sourcecode.swift; path = SearchUserViewController.swift; sourceTree = "<group>"; };
		E945B35D1C7F9E89001C872A /* UserSearchCollectionViewCell.swift */ = {isa = PBXFileReference; fileEncoding = 4; lastKnownFileType = sourcecode.swift; path = UserSearchCollectionViewCell.swift; sourceTree = "<group>"; };
		E945B35F1C7FA6DD001C872A /* GETSearchRequestUSER.swift */ = {isa = PBXFileReference; fileEncoding = 4; lastKnownFileType = sourcecode.swift; path = GETSearchRequestUSER.swift; sourceTree = "<group>"; };
		E961DABF1C7B705D007B3288 /* GithubClient.app */ = {isa = PBXFileReference; explicitFileType = wrapper.application; includeInIndex = 0; path = GithubClient.app; sourceTree = BUILT_PRODUCTS_DIR; };
		E961DAC21C7B705D007B3288 /* AppDelegate.swift */ = {isa = PBXFileReference; lastKnownFileType = sourcecode.swift; path = AppDelegate.swift; sourceTree = "<group>"; };
		E961DAC41C7B705D007B3288 /* OAuthViewController.swift */ = {isa = PBXFileReference; lastKnownFileType = sourcecode.swift; path = OAuthViewController.swift; sourceTree = "<group>"; };
		E961DAC71C7B705D007B3288 /* Base */ = {isa = PBXFileReference; lastKnownFileType = file.storyboard; name = Base; path = Base.lproj/Main.storyboard; sourceTree = "<group>"; };
		E961DACA1C7B705D007B3288 /* GithubClient.xcdatamodel */ = {isa = PBXFileReference; lastKnownFileType = wrapper.xcdatamodel; path = GithubClient.xcdatamodel; sourceTree = "<group>"; };
		E961DACC1C7B705D007B3288 /* Assets.xcassets */ = {isa = PBXFileReference; lastKnownFileType = folder.assetcatalog; path = Assets.xcassets; sourceTree = "<group>"; };
		E961DACF1C7B705D007B3288 /* Base */ = {isa = PBXFileReference; lastKnownFileType = file.storyboard; name = Base; path = Base.lproj/LaunchScreen.storyboard; sourceTree = "<group>"; };
		E961DAD11C7B705D007B3288 /* Info.plist */ = {isa = PBXFileReference; lastKnownFileType = text.plist.xml; path = Info.plist; sourceTree = "<group>"; };
		E961DAD61C7B705D007B3288 /* GithubClientTests.xctest */ = {isa = PBXFileReference; explicitFileType = wrapper.cfbundle; includeInIndex = 0; path = GithubClientTests.xctest; sourceTree = BUILT_PRODUCTS_DIR; };
		E961DADA1C7B705D007B3288 /* GithubClientTests.swift */ = {isa = PBXFileReference; lastKnownFileType = sourcecode.swift; path = GithubClientTests.swift; sourceTree = "<group>"; };
		E961DADC1C7B705D007B3288 /* Info.plist */ = {isa = PBXFileReference; lastKnownFileType = text.plist.xml; path = Info.plist; sourceTree = "<group>"; };
		E961DAE81C7B823C007B3288 /* GithubOAuth.swift */ = {isa = PBXFileReference; fileEncoding = 4; lastKnownFileType = sourcecode.swift; path = GithubOAuth.swift; sourceTree = "<group>"; };
		E9EA80EC1C7E44D2006D1F5A /* ReposTableViewCell.swift */ = {isa = PBXFileReference; fileEncoding = 4; lastKnownFileType = sourcecode.swift; path = ReposTableViewCell.swift; sourceTree = "<group>"; };
		E9EA80EE1C7E510E006D1F5A /* SearchViewController.swift */ = {isa = PBXFileReference; fileEncoding = 4; lastKnownFileType = sourcecode.swift; path = SearchViewController.swift; sourceTree = "<group>"; };
		E9EA80F01C7E6252006D1F5A /* GETSearchRequest.swift */ = {isa = PBXFileReference; fileEncoding = 4; lastKnownFileType = sourcecode.swift; path = GETSearchRequest.swift; sourceTree = "<group>"; };
		E9EA80F21C7E9491006D1F5A /* POSTRepoRequest.swift */ = {isa = PBXFileReference; fileEncoding = 4; lastKnownFileType = sourcecode.swift; path = POSTRepoRequest.swift; sourceTree = "<group>"; };
		E9EA80F41C7E971D006D1F5A /* AddRepoViewController.swift */ = {isa = PBXFileReference; fileEncoding = 4; lastKnownFileType = sourcecode.swift; path = AddRepoViewController.swift; sourceTree = "<group>"; };
		E9EA80F81C7EA2B3006D1F5A /* ProfileViewController.swift */ = {isa = PBXFileReference; fileEncoding = 4; lastKnownFileType = sourcecode.swift; path = ProfileViewController.swift; sourceTree = "<group>"; };
		E9EBB41E1C7CC21E005CDA9F /* Identity.swift */ = {isa = PBXFileReference; fileEncoding = 4; lastKnownFileType = sourcecode.swift; path = Identity.swift; sourceTree = "<group>"; };
		E9EBB4221C7CC2AF005CDA9F /* HomeViewController.swift */ = {isa = PBXFileReference; fileEncoding = 4; lastKnownFileType = sourcecode.swift; path = HomeViewController.swift; sourceTree = "<group>"; };
		E9EBB4241C7CC6A8005CDA9F /* CustomButton.swift */ = {isa = PBXFileReference; fileEncoding = 4; lastKnownFileType = sourcecode.swift; path = CustomButton.swift; sourceTree = "<group>"; };
		E9EBB4261C7CC743005CDA9F /* setup.swift */ = {isa = PBXFileReference; fileEncoding = 4; lastKnownFileType = sourcecode.swift; path = setup.swift; sourceTree = "<group>"; };
		E9EBB4281C7CD280005CDA9F /* APIRequest.swift */ = {isa = PBXFileReference; fileEncoding = 4; lastKnownFileType = sourcecode.swift; path = APIRequest.swift; sourceTree = "<group>"; };
		E9EBB42B1C7CD4BC005CDA9F /* GETRepoRequest.swift */ = {isa = PBXFileReference; fileEncoding = 4; lastKnownFileType = sourcecode.swift; path = GETRepoRequest.swift; sourceTree = "<group>"; };
		E9EBB42D1C7CD5FA005CDA9F /* Additions.swift */ = {isa = PBXFileReference; fileEncoding = 4; lastKnownFileType = sourcecode.swift; path = Additions.swift; sourceTree = "<group>"; };
		E9EBB42F1C7CD8E1005CDA9F /* API.swift */ = {isa = PBXFileReference; fileEncoding = 4; lastKnownFileType = sourcecode.swift; path = API.swift; sourceTree = "<group>"; };
		E9EBB4311C7CDC6C005CDA9F /* Repositories.swift */ = {isa = PBXFileReference; fileEncoding = 4; lastKnownFileType = sourcecode.swift; path = Repositories.swift; sourceTree = "<group>"; };
		E9EBB4341C7CDCD5005CDA9F /* ModelAdditions.swift */ = {isa = PBXFileReference; fileEncoding = 4; lastKnownFileType = sourcecode.swift; path = ModelAdditions.swift; sourceTree = "<group>"; };
		E9EBB4381C7CED10005CDA9F /* Owner.swift */ = {isa = PBXFileReference; fileEncoding = 4; lastKnownFileType = sourcecode.swift; path = Owner.swift; sourceTree = "<group>"; };
		E9EBB43A1C7D05A3005CDA9F /* CurrentUser.swift */ = {isa = PBXFileReference; fileEncoding = 4; lastKnownFileType = sourcecode.swift; path = CurrentUser.swift; sourceTree = "<group>"; };
		E9EBB43C1C7D070A005CDA9F /* GETCurrentUserRequest.swift */ = {isa = PBXFileReference; fileEncoding = 4; lastKnownFileType = sourcecode.swift; path = GETCurrentUserRequest.swift; sourceTree = "<group>"; };
/* End PBXFileReference section */

/* Begin PBXFrameworksBuildPhase section */
		E961DABC1C7B705D007B3288 /* Frameworks */ = {
			isa = PBXFrameworksBuildPhase;
			buildActionMask = 2147483647;
			files = (
			);
			runOnlyForDeploymentPostprocessing = 0;
		};
		E961DAD31C7B705D007B3288 /* Frameworks */ = {
			isa = PBXFrameworksBuildPhase;
			buildActionMask = 2147483647;
			files = (
			);
			runOnlyForDeploymentPostprocessing = 0;
		};
/* End PBXFrameworksBuildPhase section */

/* Begin PBXGroup section */
		E945B35A1C7F9CB3001C872A /* Table & Collection Cells */ = {
			isa = PBXGroup;
			children = (
				E9EA80EC1C7E44D2006D1F5A /* ReposTableViewCell.swift */,
				E945B35D1C7F9E89001C872A /* UserSearchCollectionViewCell.swift */,
			);
			name = "Table & Collection Cells";
			sourceTree = "<group>";
		};
		E961DAB61C7B705D007B3288 = {
			isa = PBXGroup;
			children = (
				E961DAC11C7B705D007B3288 /* GithubClient */,
				E961DAD91C7B705D007B3288 /* GithubClientTests */,
				E961DAC01C7B705D007B3288 /* Products */,
			);
			sourceTree = "<group>";
		};
		E961DAC01C7B705D007B3288 /* Products */ = {
			isa = PBXGroup;
			children = (
				E961DABF1C7B705D007B3288 /* GithubClient.app */,
				E961DAD61C7B705D007B3288 /* GithubClientTests.xctest */,
			);
			name = Products;
			sourceTree = "<group>";
		};
		E961DAC11C7B705D007B3288 /* GithubClient */ = {
			isa = PBXGroup;
			children = (
				E961DAEA1C7B8242007B3288 /* API */,
				E961DAE61C7B7243007B3288 /* Controller */,
				E961DAE51C7B7239007B3288 /* Global */,
				E9EBB4331C7CDC74005CDA9F /* Model */,
				E9EBB4211C7CC22E005CDA9F /* Protocols */,
				E961DAE71C7B724A007B3288 /* View */,
			);
			path = GithubClient;
			sourceTree = "<group>";
		};
		E961DAD91C7B705D007B3288 /* GithubClientTests */ = {
			isa = PBXGroup;
			children = (
				E961DADA1C7B705D007B3288 /* GithubClientTests.swift */,
				E961DADC1C7B705D007B3288 /* Info.plist */,
			);
			path = GithubClientTests;
			sourceTree = "<group>";
		};
		E961DAE51C7B7239007B3288 /* Global */ = {
			isa = PBXGroup;
			children = (
				E961DAC91C7B705D007B3288 /* GithubClient.xcdatamodeld */,
				E961DAC21C7B705D007B3288 /* AppDelegate.swift */,
				E9EBB42D1C7CD5FA005CDA9F /* Additions.swift */,
				E961DAD11C7B705D007B3288 /* Info.plist */,
			);
			name = Global;
			sourceTree = "<group>";
		};
		E961DAE61C7B7243007B3288 /* Controller */ = {
			isa = PBXGroup;
			children = (
				E961DAC41C7B705D007B3288 /* OAuthViewController.swift */,
				E9EBB4221C7CC2AF005CDA9F /* HomeViewController.swift */,
				E9EA80F41C7E971D006D1F5A /* AddRepoViewController.swift */,
				E9EA80EE1C7E510E006D1F5A /* SearchViewController.swift */,
				E945B3581C7F9A6C001C872A /* SearchUserViewController.swift */,
				E945B35A1C7F9CB3001C872A /* Table & Collection Cells */,
				E9EA80F81C7EA2B3006D1F5A /* ProfileViewController.swift */,
			);
			name = Controller;
			sourceTree = "<group>";
		};
		E961DAE71C7B724A007B3288 /* View */ = {
			isa = PBXGroup;
			children = (
				E961DAC61C7B705D007B3288 /* Main.storyboard */,
				E9EBB4241C7CC6A8005CDA9F /* CustomButton.swift */,
				E961DACC1C7B705D007B3288 /* Assets.xcassets */,
				E961DACE1C7B705D007B3288 /* LaunchScreen.storyboard */,
			);
			name = View;
			sourceTree = "<group>";
		};
		E961DAEA1C7B8242007B3288 /* API */ = {
			isa = PBXGroup;
			children = (
				E961DAE81C7B823C007B3288 /* GithubOAuth.swift */,
				E9EBB42F1C7CD8E1005CDA9F /* API.swift */,
				E9EBB4281C7CD280005CDA9F /* APIRequest.swift */,
				E9EBB42B1C7CD4BC005CDA9F /* GETRepoRequest.swift */,
				E9EA80F21C7E9491006D1F5A /* POSTRepoRequest.swift */,
				E9EBB43C1C7D070A005CDA9F /* GETCurrentUserRequest.swift */,
				E9EA80F01C7E6252006D1F5A /* GETSearchRequest.swift */,
				E945B35F1C7FA6DD001C872A /* GETSearchRequestUSER.swift */,
			);
			name = API;
			sourceTree = "<group>";
		};
		E9EBB4211C7CC22E005CDA9F /* Protocols */ = {
			isa = PBXGroup;
			children = (
				E9EBB41E1C7CC21E005CDA9F /* Identity.swift */,
				E9EBB4261C7CC743005CDA9F /* setup.swift */,
			);
			name = Protocols;
			sourceTree = "<group>";
		};
		E9EBB4331C7CDC74005CDA9F /* Model */ = {
			isa = PBXGroup;
			children = (
				E9EBB4311C7CDC6C005CDA9F /* Repositories.swift */,
				E9EBB4381C7CED10005CDA9F /* Owner.swift */,
				E9EBB43A1C7D05A3005CDA9F /* CurrentUser.swift */,
				E9EBB4341C7CDCD5005CDA9F /* ModelAdditions.swift */,
			);
			name = Model;
			sourceTree = "<group>";
		};
/* End PBXGroup section */

/* Begin PBXNativeTarget section */
		E961DABE1C7B705D007B3288 /* GithubClient */ = {
			isa = PBXNativeTarget;
			buildConfigurationList = E961DADF1C7B705D007B3288 /* Build configuration list for PBXNativeTarget "GithubClient" */;
			buildPhases = (
				E961DABB1C7B705D007B3288 /* Sources */,
				E961DABC1C7B705D007B3288 /* Frameworks */,
				E961DABD1C7B705D007B3288 /* Resources */,
			);
			buildRules = (
			);
			dependencies = (
			);
			name = GithubClient;
			productName = GithubClient;
			productReference = E961DABF1C7B705D007B3288 /* GithubClient.app */;
			productType = "com.apple.product-type.application";
		};
		E961DAD51C7B705D007B3288 /* GithubClientTests */ = {
			isa = PBXNativeTarget;
			buildConfigurationList = E961DAE21C7B705D007B3288 /* Build configuration list for PBXNativeTarget "GithubClientTests" */;
			buildPhases = (
				E961DAD21C7B705D007B3288 /* Sources */,
				E961DAD31C7B705D007B3288 /* Frameworks */,
				E961DAD41C7B705D007B3288 /* Resources */,
			);
			buildRules = (
			);
			dependencies = (
				E961DAD81C7B705D007B3288 /* PBXTargetDependency */,
			);
			name = GithubClientTests;
			productName = GithubClientTests;
			productReference = E961DAD61C7B705D007B3288 /* GithubClientTests.xctest */;
			productType = "com.apple.product-type.bundle.unit-test";
		};
/* End PBXNativeTarget section */

/* Begin PBXProject section */
		E961DAB71C7B705D007B3288 /* Project object */ = {
			isa = PBXProject;
			attributes = {
				LastSwiftUpdateCheck = 0720;
				LastUpgradeCheck = 0720;
				ORGANIZATIONNAME = AndyMalik;
				TargetAttributes = {
					E961DABE1C7B705D007B3288 = {
						CreatedOnToolsVersion = 7.2.1;
					};
					E961DAD51C7B705D007B3288 = {
						CreatedOnToolsVersion = 7.2.1;
						TestTargetID = E961DABE1C7B705D007B3288;
					};
				};
			};
			buildConfigurationList = E961DABA1C7B705D007B3288 /* Build configuration list for PBXProject "GithubClient" */;
			compatibilityVersion = "Xcode 3.2";
			developmentRegion = English;
			hasScannedForEncodings = 0;
			knownRegions = (
				en,
				Base,
			);
			mainGroup = E961DAB61C7B705D007B3288;
			productRefGroup = E961DAC01C7B705D007B3288 /* Products */;
			projectDirPath = "";
			projectRoot = "";
			targets = (
				E961DABE1C7B705D007B3288 /* GithubClient */,
				E961DAD51C7B705D007B3288 /* GithubClientTests */,
			);
		};
/* End PBXProject section */

/* Begin PBXResourcesBuildPhase section */
		E961DABD1C7B705D007B3288 /* Resources */ = {
			isa = PBXResourcesBuildPhase;
			buildActionMask = 2147483647;
			files = (
				E961DAD01C7B705D007B3288 /* LaunchScreen.storyboard in Resources */,
				E961DACD1C7B705D007B3288 /* Assets.xcassets in Resources */,
				E961DAC81C7B705D007B3288 /* Main.storyboard in Resources */,
			);
			runOnlyForDeploymentPostprocessing = 0;
		};
		E961DAD41C7B705D007B3288 /* Resources */ = {
			isa = PBXResourcesBuildPhase;
			buildActionMask = 2147483647;
			files = (
			);
			runOnlyForDeploymentPostprocessing = 0;
		};
/* End PBXResourcesBuildPhase section */

/* Begin PBXSourcesBuildPhase section */
		E961DABB1C7B705D007B3288 /* Sources */ = {
			isa = PBXSourcesBuildPhase;
			buildActionMask = 2147483647;
			files = (
				E961DAE91C7B823C007B3288 /* GithubOAuth.swift in Sources */,
				E9EA80F31C7E9491006D1F5A /* POSTRepoRequest.swift in Sources */,
				E961DAC51C7B705D007B3288 /* OAuthViewController.swift in Sources */,
				E9EBB41F1C7CC21E005CDA9F /* Identity.swift in Sources */,
				E961DACB1C7B705D007B3288 /* GithubClient.xcdatamodeld in Sources */,
				E9EA80EF1C7E510E006D1F5A /* SearchViewController.swift in Sources */,
				E9EBB4391C7CED10005CDA9F /* Owner.swift in Sources */,
				E9EBB42C1C7CD4BC005CDA9F /* GETRepoRequest.swift in Sources */,
				E9EBB4251C7CC6A8005CDA9F /* CustomButton.swift in Sources */,
				E961DAC31C7B705D007B3288 /* AppDelegate.swift in Sources */,
				E9EBB4231C7CC2AF005CDA9F /* HomeViewController.swift in Sources */,
				E945B3601C7FA6DD001C872A /* GETSearchRequestUSER.swift in Sources */,
				E9EBB42E1C7CD5FA005CDA9F /* Additions.swift in Sources */,
				E945B35E1C7F9E89001C872A /* UserSearchCollectionViewCell.swift in Sources */,
				E9EA80F51C7E971D006D1F5A /* AddRepoViewController.swift in Sources */,
				E945B3591C7F9A6C001C872A /* SearchUserViewController.swift in Sources */,
				E9EBB4321C7CDC6C005CDA9F /* Repositories.swift in Sources */,
				E9EBB43D1C7D070A005CDA9F /* GETCurrentUserRequest.swift in Sources */,
				E9EA80F91C7EA2B3006D1F5A /* ProfileViewController.swift in Sources */,
				E9EBB4291C7CD280005CDA9F /* APIRequest.swift in Sources */,
				E9EBB4301C7CD8E1005CDA9F /* API.swift in Sources */,
				E9EBB4271C7CC743005CDA9F /* setup.swift in Sources */,
				E9EA80F11C7E6252006D1F5A /* GETSearchRequest.swift in Sources */,
				E9EBB43B1C7D05A3005CDA9F /* CurrentUser.swift in Sources */,
				E9EBB4351C7CDCD5005CDA9F /* ModelAdditions.swift in Sources */,
				E9EA80ED1C7E44D2006D1F5A /* ReposTableViewCell.swift in Sources */,
			);
			runOnlyForDeploymentPostprocessing = 0;
		};
		E961DAD21C7B705D007B3288 /* Sources */ = {
			isa = PBXSourcesBuildPhase;
			buildActionMask = 2147483647;
			files = (
				E961DADB1C7B705D007B3288 /* GithubClientTests.swift in Sources */,
			);
			runOnlyForDeploymentPostprocessing = 0;
		};
/* End PBXSourcesBuildPhase section */

/* Begin PBXTargetDependency section */
		E961DAD81C7B705D007B3288 /* PBXTargetDependency */ = {
			isa = PBXTargetDependency;
			target = E961DABE1C7B705D007B3288 /* GithubClient */;
			targetProxy = E961DAD71C7B705D007B3288 /* PBXContainerItemProxy */;
		};
/* End PBXTargetDependency section */

/* Begin PBXVariantGroup section */
		E961DAC61C7B705D007B3288 /* Main.storyboard */ = {
			isa = PBXVariantGroup;
			children = (
				E961DAC71C7B705D007B3288 /* Base */,
			);
			name = Main.storyboard;
			sourceTree = "<group>";
		};
		E961DACE1C7B705D007B3288 /* LaunchScreen.storyboard */ = {
			isa = PBXVariantGroup;
			children = (
				E961DACF1C7B705D007B3288 /* Base */,
			);
			name = LaunchScreen.storyboard;
			sourceTree = "<group>";
		};
/* End PBXVariantGroup section */

/* Begin XCBuildConfiguration section */
		E961DADD1C7B705D007B3288 /* Debug */ = {
			isa = XCBuildConfiguration;
			buildSettings = {
				ALWAYS_SEARCH_USER_PATHS = NO;
				CLANG_CXX_LANGUAGE_STANDARD = "gnu++0x";
				CLANG_CXX_LIBRARY = "libc++";
				CLANG_ENABLE_MODULES = YES;
				CLANG_ENABLE_OBJC_ARC = YES;
				CLANG_WARN_BOOL_CONVERSION = YES;
				CLANG_WARN_CONSTANT_CONVERSION = YES;
				CLANG_WARN_DIRECT_OBJC_ISA_USAGE = YES_ERROR;
				CLANG_WARN_EMPTY_BODY = YES;
				CLANG_WARN_ENUM_CONVERSION = YES;
				CLANG_WARN_INT_CONVERSION = YES;
				CLANG_WARN_OBJC_ROOT_CLASS = YES_ERROR;
				CLANG_WARN_UNREACHABLE_CODE = YES;
				CLANG_WARN__DUPLICATE_METHOD_MATCH = YES;
				"CODE_SIGN_IDENTITY[sdk=iphoneos*]" = "iPhone Developer";
				COPY_PHASE_STRIP = NO;
				DEBUG_INFORMATION_FORMAT = dwarf;
				ENABLE_STRICT_OBJC_MSGSEND = YES;
				ENABLE_TESTABILITY = YES;
				GCC_C_LANGUAGE_STANDARD = gnu99;
				GCC_DYNAMIC_NO_PIC = NO;
				GCC_NO_COMMON_BLOCKS = YES;
				GCC_OPTIMIZATION_LEVEL = 0;
				GCC_PREPROCESSOR_DEFINITIONS = (
					"DEBUG=1",
					"$(inherited)",
				);
				GCC_WARN_64_TO_32_BIT_CONVERSION = YES;
				GCC_WARN_ABOUT_RETURN_TYPE = YES_ERROR;
				GCC_WARN_UNDECLARED_SELECTOR = YES;
				GCC_WARN_UNINITIALIZED_AUTOS = YES_AGGRESSIVE;
				GCC_WARN_UNUSED_FUNCTION = YES;
				GCC_WARN_UNUSED_VARIABLE = YES;
				IPHONEOS_DEPLOYMENT_TARGET = 9.2;
				MTL_ENABLE_DEBUG_INFO = YES;
				ONLY_ACTIVE_ARCH = YES;
				SDKROOT = iphoneos;
				SWIFT_OPTIMIZATION_LEVEL = "-Onone";
				TARGETED_DEVICE_FAMILY = "1,2";
			};
			name = Debug;
		};
		E961DADE1C7B705D007B3288 /* Release */ = {
			isa = XCBuildConfiguration;
			buildSettings = {
				ALWAYS_SEARCH_USER_PATHS = NO;
				CLANG_CXX_LANGUAGE_STANDARD = "gnu++0x";
				CLANG_CXX_LIBRARY = "libc++";
				CLANG_ENABLE_MODULES = YES;
				CLANG_ENABLE_OBJC_ARC = YES;
				CLANG_WARN_BOOL_CONVERSION = YES;
				CLANG_WARN_CONSTANT_CONVERSION = YES;
				CLANG_WARN_DIRECT_OBJC_ISA_USAGE = YES_ERROR;
				CLANG_WARN_EMPTY_BODY = YES;
				CLANG_WARN_ENUM_CONVERSION = YES;
				CLANG_WARN_INT_CONVERSION = YES;
				CLANG_WARN_OBJC_ROOT_CLASS = YES_ERROR;
				CLANG_WARN_UNREACHABLE_CODE = YES;
				CLANG_WARN__DUPLICATE_METHOD_MATCH = YES;
				"CODE_SIGN_IDENTITY[sdk=iphoneos*]" = "iPhone Developer";
				COPY_PHASE_STRIP = NO;
				DEBUG_INFORMATION_FORMAT = "dwarf-with-dsym";
				ENABLE_NS_ASSERTIONS = NO;
				ENABLE_STRICT_OBJC_MSGSEND = YES;
				GCC_C_LANGUAGE_STANDARD = gnu99;
				GCC_NO_COMMON_BLOCKS = YES;
				GCC_WARN_64_TO_32_BIT_CONVERSION = YES;
				GCC_WARN_ABOUT_RETURN_TYPE = YES_ERROR;
				GCC_WARN_UNDECLARED_SELECTOR = YES;
				GCC_WARN_UNINITIALIZED_AUTOS = YES_AGGRESSIVE;
				GCC_WARN_UNUSED_FUNCTION = YES;
				GCC_WARN_UNUSED_VARIABLE = YES;
				IPHONEOS_DEPLOYMENT_TARGET = 9.2;
				MTL_ENABLE_DEBUG_INFO = NO;
				SDKROOT = iphoneos;
				TARGETED_DEVICE_FAMILY = "1,2";
				VALIDATE_PRODUCT = YES;
			};
			name = Release;
		};
		E961DAE01C7B705D007B3288 /* Debug */ = {
			isa = XCBuildConfiguration;
			buildSettings = {
				ASSETCATALOG_COMPILER_APPICON_NAME = AppIcon;
				INFOPLIST_FILE = GithubClient/Info.plist;
				LD_RUNPATH_SEARCH_PATHS = "$(inherited) @executable_path/Frameworks";
				PRODUCT_BUNDLE_IDENTIFIER = com.AndyMalik.GithubClient;
				PRODUCT_NAME = "$(TARGET_NAME)";
			};
			name = Debug;
		};
		E961DAE11C7B705D007B3288 /* Release */ = {
			isa = XCBuildConfiguration;
			buildSettings = {
				ASSETCATALOG_COMPILER_APPICON_NAME = AppIcon;
				INFOPLIST_FILE = GithubClient/Info.plist;
				LD_RUNPATH_SEARCH_PATHS = "$(inherited) @executable_path/Frameworks";
				PRODUCT_BUNDLE_IDENTIFIER = com.AndyMalik.GithubClient;
				PRODUCT_NAME = "$(TARGET_NAME)";
			};
			name = Release;
		};
		E961DAE31C7B705D007B3288 /* Debug */ = {
			isa = XCBuildConfiguration;
			buildSettings = {
				BUNDLE_LOADER = "$(TEST_HOST)";
				INFOPLIST_FILE = GithubClientTests/Info.plist;
				LD_RUNPATH_SEARCH_PATHS = "$(inherited) @executable_path/Frameworks @loader_path/Frameworks";
				PRODUCT_BUNDLE_IDENTIFIER = com.AndyMalik.GithubClientTests;
				PRODUCT_NAME = "$(TARGET_NAME)";
				TEST_HOST = "$(BUILT_PRODUCTS_DIR)/GithubClient.app/GithubClient";
			};
			name = Debug;
		};
		E961DAE41C7B705D007B3288 /* Release */ = {
			isa = XCBuildConfiguration;
			buildSettings = {
				BUNDLE_LOADER = "$(TEST_HOST)";
				INFOPLIST_FILE = GithubClientTests/Info.plist;
				LD_RUNPATH_SEARCH_PATHS = "$(inherited) @executable_path/Frameworks @loader_path/Frameworks";
				PRODUCT_BUNDLE_IDENTIFIER = com.AndyMalik.GithubClientTests;
				PRODUCT_NAME = "$(TARGET_NAME)";
				TEST_HOST = "$(BUILT_PRODUCTS_DIR)/GithubClient.app/GithubClient";
			};
			name = Release;
		};
/* End XCBuildConfiguration section */

/* Begin XCConfigurationList section */
		E961DABA1C7B705D007B3288 /* Build configuration list for PBXProject "GithubClient" */ = {
			isa = XCConfigurationList;
			buildConfigurations = (
				E961DADD1C7B705D007B3288 /* Debug */,
				E961DADE1C7B705D007B3288 /* Release */,
			);
			defaultConfigurationIsVisible = 0;
			defaultConfigurationName = Release;
		};
		E961DADF1C7B705D007B3288 /* Build configuration list for PBXNativeTarget "GithubClient" */ = {
			isa = XCConfigurationList;
			buildConfigurations = (
				E961DAE01C7B705D007B3288 /* Debug */,
				E961DAE11C7B705D007B3288 /* Release */,
			);
			defaultConfigurationIsVisible = 0;
			defaultConfigurationName = Release;
		};
		E961DAE21C7B705D007B3288 /* Build configuration list for PBXNativeTarget "GithubClientTests" */ = {
			isa = XCConfigurationList;
			buildConfigurations = (
				E961DAE31C7B705D007B3288 /* Debug */,
				E961DAE41C7B705D007B3288 /* Release */,
			);
			defaultConfigurationIsVisible = 0;
			defaultConfigurationName = Release;
		};
/* End XCConfigurationList section */

/* Begin XCVersionGroup section */
		E961DAC91C7B705D007B3288 /* GithubClient.xcdatamodeld */ = {
			isa = XCVersionGroup;
			children = (
				E961DACA1C7B705D007B3288 /* GithubClient.xcdatamodel */,
			);
			currentVersion = E961DACA1C7B705D007B3288 /* GithubClient.xcdatamodel */;
			path = GithubClient.xcdatamodeld;
			sourceTree = "<group>";
			versionGroupType = wrapper.xcdatamodel;
		};
/* End XCVersionGroup section */
	};
	rootObject = E961DAB71C7B705D007B3288 /* Project object */;
}
